lockfileVersion: '9.0'

settings:
  autoInstallPeers: true
  excludeLinksFromLockfile: false

importers:

  .:
    dependencies:
      '@hono/node-server':
        specifier: ^2.1.3
        version: 2.1.4(hono@4.13.13)
      hono:
        specifier: ^4.13.11
        version: 4.13.13
      nodemailer:
        specifier: ^10.0.16
        version: 10.0.16
      ws:
        specifier: ^8.22.0
        version: 8.22.0
    devDependencies:
      '@types/node':
        specifier: ^26.6.3
        version: 26.6.4
      '@types/nodemailer':
        specifier: ^8.0.2
        version: 8.0.2
      '@types/ws':
        specifier: ^8.18.2
        version: 8.18.2
      typescript:
        specifier: ^6.0.3
        version: 6.0.3

packages:

  '@hono/node-server@2.1.4':
    resolution: {integrity: sha512-2g1qeHl4BduwDn6L8nkAvDrPUWPMlkQ//a5NhP/zIyaXKMjZNRV+cG9Csu+BiJFf6+68pqzjf4Hi5sJGKHuS1g==}
    engines: {node: '>=20'}
    peerDependencies:
      hono: ^4 || ^5.0.0-0

  '@types/node@26.6.4':
    resolution: {integrity: sha512-ldVPDCzj7fsaGZrLB0NuHuTvJcsNasysBAqMolr/cgxrLd1xbqxIr3XJiPnHHJUCxj5sNF1vnRj9aWnrVh5Jcg==}

  '@types/nodemailer@8.0.2':
    resolution: {integrity: sha512-c7M5ox8p0nEOfbJ2E9Qcmt8/QCu/VzsiAhzBiZbvky2PhKZDHpKB3sQHBM5MEZNkCfBOaS6S9//AGPRTNB7IaA==}

  '@types/ws@8.18.2':
    resolution: {integrity: sha512-67MQl+fpWKVTT1NYdnmo3U4sc/xPo/zQBncVnI74qmQa0z/b+1g6iYqNmGCPbxO+zz2aklb08a0oHfegiVd0/w==}

  hono@4.13.13:
    resolution: {integrity: sha512-CQ46U0ZkAGmbT/4UxdzzGJpacP2IeKgY4a5/tOI9AABbpOMfK739wfDXmv1usCk+3RkKj1hQy4/fjhiwa2xlrA==}
    engines: {node: '>=16.9.0'}

  nodemailer@10.0.16:
    resolution: {integrity: sha512-VL9xKErxN+el77o8eBOuYKUPMyEx7F9hfnDCuiUKJRp9v3wnWMOudYgP/SWbwSHy8rUL4cylobuXtki1LpQS7A==}
    engines: {node: '>=20.0.0'}

  typescript@6.0.3:
    resolution: {integrity: sha512-y2TvuxSZPDyQakkFRPZHKFm+KKVqIisdg9/CZwm9ftvKXLP8NRWj38/ODjNbr43SsoXqNuAisEf1GdCxqWcdBw==}
    engines: {node: '>=14.17'}
    hasBin: true

  undici-types@8.9.0:
    resolution: {integrity: sha512-KTDyRTYX8sWmKXAikPHHSyc63CRPETMctyjKFupcC6OBLXT3xsN0e9aF7m+mIXutFWpUXuedtowG7iLOzp0kQg==}

  ws@8.22.0:
    resolution: {integrity: sha512-Ydggc987+RO0AnWtZ/7Wq9FtNvcrL1b/RO0ud9mWjUPgDrsAAwQSF51sm2hm1XofbU/4jkpGEsLFsZZxU+1DOg==}
    engines: {node: '>=10.0.0'}
    peerDependencies:
      bufferutil: ^4.0.1
      utf-8-validate: '>=5.0.2'
    peerDependenciesMeta:
      bufferutil:
        optional: true
      utf-8-validate:
        optional: true

snapshots:

  '@hono/node-server@2.1.4(hono@4.13.13)':
    dependencies:
      hono: 4.13.13

  '@types/node@26.6.4':
    dependencies:
      undici-types: 8.9.0

  '@types/nodemailer@8.0.2':
    dependencies:
      '@types/node': 26.6.4

  '@types/ws@8.18.2':
    dependencies:
      '@types/node': 26.6.4

  hono@4.13.13: {}

  nodemailer@10.0.16: {}

  typescript@6.0.3: {}

  undici-types@8.9.0: {}

  ws@8.22.0: {}
